
Microsoft Visual Studio Solution File, Format Version 12.00
# Visual Studio 2012
Project("{FAE04EC0-301F-11D3-BF4B-00C04F79EFBC}") = "KolHaktuvimService", "KolHaktuvimService\KolHaktuvimService.csproj", "{DF88AE06-B3E6-4B91-8190-84B52CE3F9CD}"
EndProject
Project("{FAE04EC0-301F-11D3-BF4B-00C04F79EFBC}") = "KolHaktuvimService.Tests", "KolHaktuvimService.Tests\KolHaktuvimService.Tests.csproj", "{D03EE0F7-C4D3-45A8-81C6-F1FA5195FD33}"
EndProject
Global
	GlobalSection(SolutionConfigurationPlatforms) = preSolution
		Debug|Any CPU = Debug|Any CPU
		Release|Any CPU = Release|Any CPU
	EndGlobalSection
	GlobalSection(ProjectConfigurationPlatforms) = postSolution
		{DF88AE06-B3E6-4B91-8190-84B52CE3F9CD}.Debug|Any CPU.ActiveCfg = Debug|Any CPU
		{DF88AE06-B3E6-4B91-8190-84B52CE3F9CD}.Debug|Any CPU.Build.0 = Debug|Any CPU
		{DF88AE06-B3E6-4B91-8190-84B52CE3F9CD}.Release|Any CPU.ActiveCfg = Release|Any CPU
		{DF88AE06-B3E6-4B91-8190-84B52CE3F9CD}.Release|Any CPU.Build.0 = Release|Any CPU
		{D03EE0F7-C4D3-45A8-81C6-F1FA5195FD33}.Debug|Any CPU.ActiveCfg = Debug|Any CPU
		{D03EE0F7-C4D3-45A8-81C6-F1FA5195FD33}.Debug|Any CPU.Build.0 = Debug|Any CPU
		{D03EE0F7-C4D3-45A8-81C6-F1FA5195FD33}.Release|Any CPU.ActiveCfg = Release|Any CPU
		{D03EE0F7-C4D3-45A8-81C6-F1FA5195FD33}.Release|Any CPU.Build.0 = Release|Any CPU
	EndGlobalSection
	GlobalSection(SolutionProperties) = preSolution
		HideSolutionNode = FALSE
	EndGlobalSection
EndGlobal
